
Microsoft Visual Studio Solution File, Format Version 12.00
# Visual Studio Version 17
VisualStudioVersion = 17.2.32526.322
MinimumVisualStudioVersion = 10.0.40219.1
Project("{9A19103F-16F7-4668-BE54-9A1E7A4F7556}") = "ConsoleApp", "ConsoleApp\ConsoleApp.csproj", "{AA59B568-33A7-4EDC-9851-C712EF4033DC}"
EndProject
Project("{9A19103F-16F7-4668-BE54-9A1E7A4F7556}") = "SqlClientApp", "SqlClientApp\SqlClientApp.csproj", "{A26B18E0-FBBB-493D-B34E-52DDB1B673F5}"
EndProject
Project("{FAE04EC0-301F-11D3-BF4B-00C04F79EFBC}") = "SqlDapperApp", "SqlDapperApp\SqlDapperApp.csproj", "{2012392B-52D4-4960-A4CB-D9227E3A3352}"
EndProject
Global
	GlobalSection(SolutionConfigurationPlatforms) = preSolution
		Debug|Any CPU = Debug|Any CPU
		Release|Any CPU = Release|Any CPU
	EndGlobalSection
	GlobalSection(ProjectConfigurationPlatforms) = postSolution
		{AA59B568-33A7-4EDC-9851-C712EF4033DC}.Debug|Any CPU.ActiveCfg = Debug|Any CPU
		{AA59B568-33A7-4EDC-9851-C712EF4033DC}.Debug|Any CPU.Build.0 = Debug|Any CPU
		{AA59B568-33A7-4EDC-9851-C712EF4033DC}.Release|Any CPU.ActiveCfg = Release|Any CPU
		{AA59B568-33A7-4EDC-9851-C712EF4033DC}.Release|Any CPU.Build.0 = Release|Any CPU
		{A26B18E0-FBBB-493D-B34E-52DDB1B673F5}.Debug|Any CPU.ActiveCfg = Debug|Any CPU
		{A26B18E0-FBBB-493D-B34E-52DDB1B673F5}.Debug|Any CPU.Build.0 = Debug|Any CPU
		{A26B18E0-FBBB-493D-B34E-52DDB1B673F5}.Release|Any CPU.ActiveCfg = Release|Any CPU
		{A26B18E0-FBBB-493D-B34E-52DDB1B673F5}.Release|Any CPU.Build.0 = Release|Any CPU
		{2012392B-52D4-4960-A4CB-D9227E3A3352}.Debug|Any CPU.ActiveCfg = Debug|Any CPU
		{2012392B-52D4-4960-A4CB-D9227E3A3352}.Debug|Any CPU.Build.0 = Debug|Any CPU
		{2012392B-52D4-4960-A4CB-D9227E3A3352}.Release|Any CPU.ActiveCfg = Release|Any CPU
		{2012392B-52D4-4960-A4CB-D9227E3A3352}.Release|Any CPU.Build.0 = Release|Any CPU
	EndGlobalSection
	GlobalSection(SolutionProperties) = preSolution
		HideSolutionNode = FALSE
	EndGlobalSection
	GlobalSection(ExtensibilityGlobals) = postSolution
		SolutionGuid = {64075C36-1F8F-4889-A4ED-F3943F00145F}
	EndGlobalSection
EndGlobal
